
Microsoft Visual Studio Solution File, Format Version 12.00
# Visual Studio Version 16
VisualStudioVersion = 16.0.31019.35
MinimumVisualStudioVersion = 10.0.40219.1
Project("{FAE04EC0-301F-11D3-BF4B-00C04F79EFBC}") = "RPDB", "RPDB\RPDB.csproj", "{CDCD1CB8-1707-43DB-8054-F5DA85E652FD}"
EndProject
Global
	GlobalSection(SolutionConfigurationPlatforms) = preSolution
		Debug|Any CPU = Debug|Any CPU
		Release|Any CPU = Release|Any CPU
	EndGlobalSection
	GlobalSection(ProjectConfigurationPlatforms) = postSolution
		{CDCD1CB8-1707-43DB-8054-F5DA85E652FD}.Debug|Any CPU.ActiveCfg = Debug|Any CPU
		{CDCD1CB8-1707-43DB-8054-F5DA85E652FD}.Debug|Any CPU.Build.0 = Debug|Any CPU
		{CDCD1CB8-1707-43DB-8054-F5DA85E652FD}.Release|Any CPU.ActiveCfg = Release|Any CPU
		{CDCD1CB8-1707-43DB-8054-F5DA85E652FD}.Release|Any CPU.Build.0 = Release|Any CPU
	EndGlobalSection
	GlobalSection(SolutionProperties) = preSolution
		HideSolutionNode = FALSE
	EndGlobalSection
	GlobalSection(ExtensibilityGlobals) = postSolution
		SolutionGuid = {F0C1116E-8004-463D-8851-8474344AB379}
	EndGlobalSection
EndGlobal
